
Microsoft Visual Studio Solution File, Format Version 12.00
# Visual Studio 15
VisualStudioVersion = 15.0.27703.2000
MinimumVisualStudioVersion = 10.0.40219.1
Project("{FAE04EC0-301F-11D3-BF4B-00C04F79EFBC}") = "TargetFrameworkMigrator", "TargetFrameworkMigrator\TargetFrameworkMigrator.csproj", "{B97A5F7F-56DC-4947-B3B3-E97912DE714A}"
EndProject
Global
	GlobalSection(SolutionConfigurationPlatforms) = preSolution
		Debug|Any CPU = Debug|Any CPU
		Release|Any CPU = Release|Any CPU
	EndGlobalSection
	GlobalSection(ProjectConfigurationPlatforms) = postSolution
		{B97A5F7F-56DC-4947-B3B3-E97912DE714A}.Debug|Any CPU.ActiveCfg = Debug|Any CPU
		{B97A5F7F-56DC-4947-B3B3-E97912DE714A}.Debug|Any CPU.Build.0 = Debug|Any CPU
		{B97A5F7F-56DC-4947-B3B3-E97912DE714A}.Release|Any CPU.ActiveCfg = Release|Any CPU
		{B97A5F7F-56DC-4947-B3B3-E97912DE714A}.Release|Any CPU.Build.0 = Release|Any CPU
	EndGlobalSection
	GlobalSection(SolutionProperties) = preSolution
		HideSolutionNode = FALSE
	EndGlobalSection
	GlobalSection(ExtensibilityGlobals) = postSolution
		SolutionGuid = {4AF65DE4-EACB-43C3-8260-7992713CF2F8}
	EndGlobalSection
EndGlobal
